
Microsoft Visual Studio Solution File, Format Version 12.00
# Visual Studio Version 17
VisualStudioVersion = 17.7.34221.43
MinimumVisualStudioVersion = 10.0.40219.1
Project("{9A19103F-16F7-4668-BE54-9A1E7A4F7556}") = "ShopWeb", "ShopWeb\ShopWeb.csproj", "{A1220279-1231-4204-986B-CAE77827D045}"
EndProject
Project("{9A19103F-16F7-4668-BE54-9A1E7A4F7556}") = "Shop.Models", "Shop.Models\Shop.Models.csproj", "{5743D0FF-70B3-47DE-AC11-D94AC0979238}"
EndProject
Project("{9A19103F-16F7-4668-BE54-9A1E7A4F7556}") = "Shop.DataAccess", "Shop.DataAccess\Shop.DataAccess.csproj", "{924FA4FA-305F-4BEF-BECC-98329FAF2158}"
EndProject
Project("{FAE04EC0-301F-11D3-BF4B-00C04F79EFBC}") = "Shop.Utility", "Shop.Utility\Shop.Utility.csproj", "{64D7318A-D7AF-4AFF-9B96-2BC34D88C9D0}"
EndProject
Global
	GlobalSection(SolutionConfigurationPlatforms) = preSolution
		Debug|Any CPU = Debug|Any CPU
		Release|Any CPU = Release|Any CPU
	EndGlobalSection
	GlobalSection(ProjectConfigurationPlatforms) = postSolution
		{A1220279-1231-4204-986B-CAE77827D045}.Debug|Any CPU.ActiveCfg = Debug|Any CPU
		{A1220279-1231-4204-986B-CAE77827D045}.Debug|Any CPU.Build.0 = Debug|Any CPU
		{A1220279-1231-4204-986B-CAE77827D045}.Release|Any CPU.ActiveCfg = Release|Any CPU
		{A1220279-1231-4204-986B-CAE77827D045}.Release|Any CPU.Build.0 = Release|Any CPU
		{5743D0FF-70B3-47DE-AC11-D94AC0979238}.Debug|Any CPU.ActiveCfg = Debug|Any CPU
		{5743D0FF-70B3-47DE-AC11-D94AC0979238}.Debug|Any CPU.Build.0 = Debug|Any CPU
		{5743D0FF-70B3-47DE-AC11-D94AC0979238}.Release|Any CPU.ActiveCfg = Release|Any CPU
		{5743D0FF-70B3-47DE-AC11-D94AC0979238}.Release|Any CPU.Build.0 = Release|Any CPU
		{924FA4FA-305F-4BEF-BECC-98329FAF2158}.Debug|Any CPU.ActiveCfg = Debug|Any CPU
		{924FA4FA-305F-4BEF-BECC-98329FAF2158}.Debug|Any CPU.Build.0 = Debug|Any CPU
		{924FA4FA-305F-4BEF-BECC-98329FAF2158}.Release|Any CPU.ActiveCfg = Release|Any CPU
		{924FA4FA-305F-4BEF-BECC-98329FAF2158}.Release|Any CPU.Build.0 = Release|Any CPU
		{64D7318A-D7AF-4AFF-9B96-2BC34D88C9D0}.Debug|Any CPU.ActiveCfg = Debug|Any CPU
		{64D7318A-D7AF-4AFF-9B96-2BC34D88C9D0}.Debug|Any CPU.Build.0 = Debug|Any CPU
		{64D7318A-D7AF-4AFF-9B96-2BC34D88C9D0}.Release|Any CPU.ActiveCfg = Release|Any CPU
		{64D7318A-D7AF-4AFF-9B96-2BC34D88C9D0}.Release|Any CPU.Build.0 = Release|Any CPU
	EndGlobalSection
	GlobalSection(SolutionProperties) = preSolution
		HideSolutionNode = FALSE
	EndGlobalSection
	GlobalSection(ExtensibilityGlobals) = postSolution
		SolutionGuid = {E10947D1-4367-46C9-BA80-8E960AF397A9}
	EndGlobalSection
EndGlobal
